// !$*UTF8*$!
{
	archiveVersion = 1;
	classes = {
	};
	objectVersion = 46;
	objects = {

/* Begin PBXBuildFile section */
		CC1046EF1E6FD8780062BF32 /* AppDelegate.swift in Sources */ = {isa = PBXBuildFile; fileRef = CC1046EE1E6FD8780062BF32 /* AppDelegate.swift */; };
		CC1046F11E6FD8780062BF32 /* ViewController.swift in Sources */ = {isa = PBXBuildFile; fileRef = CC1046F01E6FD8780062BF32 /* ViewController.swift */; };
		CC1046F41E6FD8790062BF32 /* Main.storyboard in Resources */ = {isa = PBXBuildFile; fileRef = CC1046F21E6FD8790062BF32 /* Main.storyboard */; };
		CC1046F61E6FD8790062BF32 /* Assets.xcassets in Resources */ = {isa = PBXBuildFile; fileRef = CC1046F51E6FD8790062BF32 /* Assets.xcassets */; };
		CC1046F91E6FD8790062BF32 /* LaunchScreen.storyboard in Resources */ = {isa = PBXBuildFile; fileRef = CC1046F71E6FD8790062BF32 /* LaunchScreen.storyboard */; };
		CC1047021E6FD9120062BF32 /* Notes.xcdatamodeld in Sources */ = {isa = PBXBuildFile; fileRef = CC1047001E6FD9120062BF32 /* Notes.xcdatamodeld */; };
		CC1047041E6FDA670062BF32 /* CoreDataManager.swift in Sources */ = {isa = PBXBuildFile; fileRef = CC1047031E6FDA670062BF32 /* CoreDataManager.swift */; };
		CC1047061E6FDAFD0062BF32 /* AddNoteViewContorller.swift in Sources */ = {isa = PBXBuildFile; fileRef = CC1047051E6FDAFD0062BF32 /* AddNoteViewContorller.swift */; };
		CCE3AB3A1E6FF7FD003CC1B8 /* NoteViewController.swift in Sources */ = {isa = PBXBuildFile; fileRef = CCE3AB391E6FF7FD003CC1B8 /* NoteViewController.swift */; };
/* End PBXBuildFile section */

/* Begin PBXFileReference section */
		CC1046EB1E6FD8780062BF32 /* Notes.app */ = {isa = PBXFileReference; explicitFileType = wrapper.application; includeInIndex = 0; path = Notes.app; sourceTree = BUILT_PRODUCTS_DIR; };
		CC1046EE1E6FD8780062BF32 /* AppDelegate.swift */ = {isa = PBXFileReference; lastKnownFileType = sourcecode.swift; path = AppDelegate.swift; sourceTree = "<group>"; };
		CC1046F01E6FD8780062BF32 /* ViewController.swift */ = {isa = PBXFileReference; lastKnownFileType = sourcecode.swift; path = ViewController.swift; sourceTree = "<group>"; };
		CC1046F31E6FD8790062BF32 /* Base */ = {isa = PBXFileReference; lastKnownFileType = file.storyboard; name = Base; path = Base.lproj/Main.storyboard; sourceTree = "<group>"; };
		CC1046F51E6FD8790062BF32 /* Assets.xcassets */ = {isa = PBXFileReference; lastKnownFileType = folder.assetcatalog; path = Assets.xcassets; sourceTree = "<group>"; };
		CC1046F81E6FD8790062BF32 /* Base */ = {isa = PBXFileReference; lastKnownFileType = file.storyboard; name = Base; path = Base.lproj/LaunchScreen.storyboard; sourceTree = "<group>"; };
		CC1046FA1E6FD8790062BF32 /* Info.plist */ = {isa = PBXFileReference; lastKnownFileType = text.plist.xml; path = Info.plist; sourceTree = "<group>"; };
		CC1047011E6FD9120062BF32 /* Notes.xcdatamodel */ = {isa = PBXFileReference; lastKnownFileType = wrapper.xcdatamodel; path = Notes.xcdatamodel; sourceTree = "<group>"; };
		CC1047031E6FDA670062BF32 /* CoreDataManager.swift */ = {isa = PBXFileReference; fileEncoding = 4; lastKnownFileType = sourcecode.swift; path = CoreDataManager.swift; sourceTree = "<group>"; };
		CC1047051E6FDAFD0062BF32 /* AddNoteViewContorller.swift */ = {isa = PBXFileReference; fileEncoding = 4; lastKnownFileType = sourcecode.swift; path = AddNoteViewContorller.swift; sourceTree = "<group>"; };
		CCE3AB391E6FF7FD003CC1B8 /* NoteViewController.swift */ = {isa = PBXFileReference; fileEncoding = 4; lastKnownFileType = sourcecode.swift; path = NoteViewController.swift; sourceTree = "<group>"; };
/* End PBXFileReference section */

/* Begin PBXFrameworksBuildPhase section */
		CC1046E81E6FD8780062BF32 /* Frameworks */ = {
			isa = PBXFrameworksBuildPhase;
			buildActionMask = 2147483647;
			files = (
			);
			runOnlyForDeploymentPostprocessing = 0;
		};
/* End PBXFrameworksBuildPhase section */

/* Begin PBXGroup section */
		CC1046E21E6FD8780062BF32 = {
			isa = PBXGroup;
			children = (
				CC1046ED1E6FD8780062BF32 /* Notes */,
				CC1046EC1E6FD8780062BF32 /* Products */,
			);
			sourceTree = "<group>";
		};
		CC1046EC1E6FD8780062BF32 /* Products */ = {
			isa = PBXGroup;
			children = (
				CC1046EB1E6FD8780062BF32 /* Notes.app */,
			);
			name = Products;
			sourceTree = "<group>";
		};
		CC1046ED1E6FD8780062BF32 /* Notes */ = {
			isa = PBXGroup;
			children = (
				CC1046EE1E6FD8780062BF32 /* AppDelegate.swift */,
				CC1046F01E6FD8780062BF32 /* ViewController.swift */,
				CCE3AB391E6FF7FD003CC1B8 /* NoteViewController.swift */,
				CC1047051E6FDAFD0062BF32 /* AddNoteViewContorller.swift */,
				CC1047031E6FDA670062BF32 /* CoreDataManager.swift */,
				CC1046F21E6FD8790062BF32 /* Main.storyboard */,
				CC1046F51E6FD8790062BF32 /* Assets.xcassets */,
				CC1046F71E6FD8790062BF32 /* LaunchScreen.storyboard */,
				CC1046FA1E6FD8790062BF32 /* Info.plist */,
				CC1047001E6FD9120062BF32 /* Notes.xcdatamodeld */,
			);
			path = Notes;
			sourceTree = "<group>";
		};
/* End PBXGroup section */

/* Begin PBXNativeTarget section */
		CC1046EA1E6FD8780062BF32 /* Notes */ = {
			isa = PBXNativeTarget;
			buildConfigurationList = CC1046FD1E6FD8790062BF32 /* Build configuration list for PBXNativeTarget "Notes" */;
			buildPhases = (
				CC1046E71E6FD8780062BF32 /* Sources */,
				CC1046E81E6FD8780062BF32 /* Frameworks */,
				CC1046E91E6FD8780062BF32 /* Resources */,
			);
			buildRules = (
			);
			dependencies = (
			);
			name = Notes;
			productName = Notes;
			productReference = CC1046EB1E6FD8780062BF32 /* Notes.app */;
			productType = "com.apple.product-type.application";
		};
/* End PBXNativeTarget section */

/* Begin PBXProject section */
		CC1046E31E6FD8780062BF32 /* Project object */ = {
			isa = PBXProject;
			attributes = {
				LastSwiftUpdateCheck = 0820;
				LastUpgradeCheck = 1170;
				ORGANIZATIONNAME = Cocoacasts;
				TargetAttributes = {
					CC1046EA1E6FD8780062BF32 = {
						CreatedOnToolsVersion = 8.2.1;
						DevelopmentTeam = H9Y26B6GZB;
						LastSwiftMigration = 1170;
						ProvisioningStyle = Automatic;
					};
				};
			};
			buildConfigurationList = CC1046E61E6FD8780062BF32 /* Build configuration list for PBXProject "Notes" */;
			compatibilityVersion = "Xcode 3.2";
			developmentRegion = en;
			hasScannedForEncodings = 0;
			knownRegions = (
				en,
				Base,
			);
			mainGroup = CC1046E21E6FD8780062BF32;
			productRefGroup = CC1046EC1E6FD8780062BF32 /* Products */;
			projectDirPath = "";
			projectRoot = "";
			targets = (
				CC1046EA1E6FD8780062BF32 /* Notes */,
			);
		};
/* End PBXProject section */

/* Begin PBXResourcesBuildPhase section */
		CC1046E91E6FD8780062BF32 /* Resources */ = {
			isa = PBXResourcesBuildPhase;
			buildActionMask = 2147483647;
			files = (
				CC1046F91E6FD8790062BF32 /* LaunchScreen.storyboard in Resources */,
				CC1046F61E6FD8790062BF32 /* Assets.xcassets in Resources */,
				CC1046F41E6FD8790062BF32 /* Main.storyboard in Resources */,
			);
			runOnlyForDeploymentPostprocessing = 0;
		};
/* End PBXResourcesBuildPhase section */

/* Begin PBXSourcesBuildPhase section */
		CC1046E71E6FD8780062BF32 /* Sources */ = {
			isa = PBXSourcesBuildPhase;
			buildActionMask = 2147483647;
			files = (
				CC1047061E6FDAFD0062BF32 /* AddNoteViewContorller.swift in Sources */,
				CC1046F11E6FD8780062BF32 /* ViewController.swift in Sources */,
				CC1047021E6FD9120062BF32 /* Notes.xcdatamodeld in Sources */,
				CC1047041E6FDA670062BF32 /* CoreDataManager.swift in Sources */,
				CCE3AB3A1E6FF7FD003CC1B8 /* NoteViewController.swift in Sources */,
				CC1046EF1E6FD8780062BF32 /* AppDelegate.swift in Sources */,
			);
			runOnlyForDeploymentPostprocessing = 0;
		};
/* End PBXSourcesBuildPhase section */

/* Begin PBXVariantGroup section */
		CC1046F21E6FD8790062BF32 /* Main.storyboard */ = {
			isa = PBXVariantGroup;
			children = (
				CC1046F31E6FD8790062BF32 /* Base */,
			);
			name = Main.storyboard;
			sourceTree = "<group>";
		};
		CC1046F71E6FD8790062BF32 /* LaunchScreen.storyboard */ = {
			isa = PBXVariantGroup;
			children = (
				CC1046F81E6FD8790062BF32 /* Base */,
			);
			name = LaunchScreen.storyboard;
			sourceTree = "<group>";
		};
/* End PBXVariantGroup section */

/* Begin XCBuildConfiguration section */
		CC1046FB1E6FD8790062BF32 /* Debug */ = {
			isa = XCBuildConfiguration;
			buildSettings = {
				ALWAYS_SEARCH_USER_PATHS = NO;
				CLANG_ANALYZER_LOCALIZABILITY_NONLOCALIZED = YES;
				CLANG_ANALYZER_NONNULL = YES;
				CLANG_CXX_LANGUAGE_STANDARD = "gnu++0x";
				CLANG_CXX_LIBRARY = "libc++";
				CLANG_ENABLE_MODULES = YES;
				CLANG_ENABLE_OBJC_ARC = YES;
				CLANG_WARN_BLOCK_CAPTURE_AUTORELEASING = YES;
				CLANG_WARN_BOOL_CONVERSION = YES;
				CLANG_WARN_COMMA = YES;
				CLANG_WARN_CONSTANT_CONVERSION = YES;
				CLANG_WARN_DEPRECATED_OBJC_IMPLEMENTATIONS = YES;
				CLANG_WARN_DIRECT_OBJC_ISA_USAGE = YES_ERROR;
				CLANG_WARN_DOCUMENTATION_COMMENTS = YES;
				CLANG_WARN_EMPTY_BODY = YES;
				CLANG_WARN_ENUM_CONVERSION = YES;
				CLANG_WARN_INFINITE_RECURSION = YES;
				CLANG_WARN_INT_CONVERSION = YES;
				CLANG_WARN_NON_LITERAL_NULL_CONVERSION = YES;
				CLANG_WARN_OBJC_IMPLICIT_RETAIN_SELF = YES;
				CLANG_WARN_OBJC_LITERAL_CONVERSION = YES;
				CLANG_WARN_OBJC_ROOT_CLASS = YES_ERROR;
				CLANG_WARN_RANGE_LOOP_ANALYSIS = YES;
				CLANG_WARN_STRICT_PROTOTYPES = YES;
				CLANG_WARN_SUSPICIOUS_MOVE = YES;
				CLANG_WARN_UNREACHABLE_CODE = YES;
				CLANG_WARN__DUPLICATE_METHOD_MATCH = YES;
				"CODE_SIGN_IDENTITY[sdk=iphoneos*]" = "iPhone Developer";
				COPY_PHASE_STRIP = NO;
				DEBUG_INFORMATION_FORMAT = dwarf;
				ENABLE_STRICT_OBJC_MSGSEND = YES;
				ENABLE_TESTABILITY = YES;
				GCC_C_LANGUAGE_STANDARD = gnu99;
				GCC_DYNAMIC_NO_PIC = NO;
				GCC_NO_COMMON_BLOCKS = YES;
				GCC_OPTIMIZATION_LEVEL = 0;
				GCC_PREPROCESSOR_DEFINITIONS = (
					"DEBUG=1",
					"$(inherited)",
				);
				GCC_WARN_64_TO_32_BIT_CONVERSION = YES;
				GCC_WARN_ABOUT_RETURN_TYPE = YES_ERROR;
				GCC_WARN_UNDECLARED_SELECTOR = YES;
				GCC_WARN_UNINITIALIZED_AUTOS = YES_AGGRESSIVE;
				GCC_WARN_UNUSED_FUNCTION = YES;
				GCC_WARN_UNUSED_VARIABLE = YES;
				IPHONEOS_DEPLOYMENT_TARGET = 10.2;
				MTL_ENABLE_DEBUG_INFO = YES;
				ONLY_ACTIVE_ARCH = YES;
				SDKROOT = iphoneos;
				SWIFT_ACTIVE_COMPILATION_CONDITIONS = DEBUG;
				SWIFT_OPTIMIZATION_LEVEL = "-Onone";
			};
			name = Debug;
		};
		CC1046FC1E6FD8790062BF32 /* Release */ = {
			isa = XCBuildConfiguration;
			buildSettings = {
				ALWAYS_SEARCH_USER_PATHS = NO;
				CLANG_ANALYZER_LOCALIZABILITY_NONLOCALIZED = YES;
				CLANG_ANALYZER_NONNULL = YES;
				CLANG_CXX_LANGUAGE_STANDARD = "gnu++0x";
				CLANG_CXX_LIBRARY = "libc++";
				CLANG_ENABLE_MODULES = YES;
				CLANG_ENABLE_OBJC_ARC = YES;
				CLANG_WARN_BLOCK_CAPTURE_AUTORELEASING = YES;
				CLANG_WARN_BOOL_CONVERSION = YES;
				CLANG_WARN_COMMA = YES;
				CLANG_WARN_CONSTANT_CONVERSION = YES;
				CLANG_WARN_DEPRECATED_OBJC_IMPLEMENTATIONS = YES;
				CLANG_WARN_DIRECT_OBJC_ISA_USAGE = YES_ERROR;
				CLANG_WARN_DOCUMENTATION_COMMENTS = YES;
				CLANG_WARN_EMPTY_BODY = YES;
				CLANG_WARN_ENUM_CONVERSION = YES;
				CLANG_WARN_INFINITE_RECURSION = YES;
				CLANG_WARN_INT_CONVERSION = YES;
				CLANG_WARN_NON_LITERAL_NULL_CONVERSION = YES;
				CLANG_WARN_OBJC_IMPLICIT_RETAIN_SELF = YES;
				CLANG_WARN_OBJC_LITERAL_CONVERSION = YES;
				CLANG_WARN_OBJC_ROOT_CLASS = YES_ERROR;
				CLANG_WARN_RANGE_LOOP_ANALYSIS = YES;
				CLANG_WARN_STRICT_PROTOTYPES = YES;
				CLANG_WARN_SUSPICIOUS_MOVE = YES;
				CLANG_WARN_UNREACHABLE_CODE = YES;
				CLANG_WARN__DUPLICATE_METHOD_MATCH = YES;
				"CODE_SIGN_IDENTITY[sdk=iphoneos*]" = "iPhone Developer";
				COPY_PHASE_STRIP = NO;
				DEBUG_INFORMATION_FORMAT = "dwarf-with-dsym";
				ENABLE_NS_ASSERTIONS = NO;
				ENABLE_STRICT_OBJC_MSGSEND = YES;
				GCC_C_LANGUAGE_STANDARD = gnu99;
				GCC_NO_COMMON_BLOCKS = YES;
				GCC_WARN_64_TO_32_BIT_CONVERSION = YES;
				GCC_WARN_ABOUT_RETURN_TYPE = YES_ERROR;
				GCC_WARN_UNDECLARED_SELECTOR = YES;
				GCC_WARN_UNINITIALIZED_AUTOS = YES_AGGRESSIVE;
				GCC_WARN_UNUSED_FUNCTION = YES;
				GCC_WARN_UNUSED_VARIABLE = YES;
				IPHONEOS_DEPLOYMENT_TARGET = 10.2;
				MTL_ENABLE_DEBUG_INFO = NO;
				SDKROOT = iphoneos;
				SWIFT_OPTIMIZATION_LEVEL = "-Owholemodule";
				VALIDATE_PRODUCT = YES;
			};
			name = Release;
		};
		CC1046FE1E6FD8790062BF32 /* Debug */ = {
			isa = XCBuildConfiguration;
			buildSettings = {
				ASSETCATALOG_COMPILER_APPICON_NAME = AppIcon;
				DEVELOPMENT_TEAM = H9Y26B6GZB;
				INFOPLIST_FILE = Notes/Info.plist;
				LD_RUNPATH_SEARCH_PATHS = "$(inherited) @executable_path/Frameworks";
				PRODUCT_BUNDLE_IDENTIFIER = "com.cocoacasts.Notes-jan";
				PRODUCT_NAME = "$(TARGET_NAME)";
				SWIFT_SWIFT3_OBJC_INFERENCE = Default;
				SWIFT_VERSION = 5.0;
			};
			name = Debug;
		};
		CC1046FF1E6FD8790062BF32 /* Release */ = {
			isa = XCBuildConfiguration;
			buildSettings = {
				ASSETCATALOG_COMPILER_APPICON_NAME = AppIcon;
				DEVELOPMENT_TEAM = H9Y26B6GZB;
				INFOPLIST_FILE = Notes/Info.plist;
				LD_RUNPATH_SEARCH_PATHS = "$(inherited) @executable_path/Frameworks";
				PRODUCT_BUNDLE_IDENTIFIER = "com.cocoacasts.Notes-jan";
				PRODUCT_NAME = "$(TARGET_NAME)";
				SWIFT_SWIFT3_OBJC_INFERENCE = Default;
				SWIFT_VERSION = 5.0;
			};
			name = Release;
		};
/* End XCBuildConfiguration section */

/* Begin XCConfigurationList section */
		CC1046E61E6FD8780062BF32 /* Build configuration list for PBXProject "Notes" */ = {
			isa = XCConfigurationList;
			buildConfigurations = (
				CC1046FB1E6FD8790062BF32 /* Debug */,
				CC1046FC1E6FD8790062BF32 /* Release */,
			);
			defaultConfigurationIsVisible = 0;
			defaultConfigurationName = Release;
		};
		CC1046FD1E6FD8790062BF32 /* Build configuration list for PBXNativeTarget "Notes" */ = {
			isa = XCConfigurationList;
			buildConfigurations = (
				CC1046FE1E6FD8790062BF32 /* Debug */,
				CC1046FF1E6FD8790062BF32 /* Release */,
			);
			defaultConfigurationIsVisible = 0;
			defaultConfigurationName = Release;
		};
/* End XCConfigurationList section */

/* Begin XCVersionGroup section */
		CC1047001E6FD9120062BF32 /* Notes.xcdatamodeld */ = {
			isa = XCVersionGroup;
			children = (
				CC1047011E6FD9120062BF32 /* Notes.xcdatamodel */,
			);
			currentVersion = CC1047011E6FD9120062BF32 /* Notes.xcdatamodel */;
			path = Notes.xcdatamodeld;
			sourceTree = "<group>";
			versionGroupType = wrapper.xcdatamodel;
		};
/* End XCVersionGroup section */
	};
	rootObject = CC1046E31E6FD8780062BF32 /* Project object */;
}
